PODS:
  - Flutter (1.0.0)
  - keyboard_insets_mobile (0.0.1):
    - Flutter

DEPENDENCIES:
  - Flutter (from `Flutter`)
  - keyboard_insets_mobile (from `.symlinks/plugins/keyboard_insets_mobile/ios`)

EXTERNAL SOURCES:
  Flutter:
    :path: Flutter
  keyboard_insets_mobile:
    :path: ".symlinks/plugins/keyboard_insets_mobile/ios"

SPEC CHECKSUMS:
  Flutter: e0871f40cf51350855a761d2e70bf5af5b9b5de7
  keyboard_insets_mobile: 5647380b488cc18e5ffe6b8f333f9da6afa8558b

PODFILE CHECKSUM: a57f30d18f102dd3ce366b1d62a55ecbef2158e5

COCOAPODS: 1.16.2
